// !$*UTF8*$!
{
	archiveVersion = 1;
	classes = {
	};
	objectVersion = 55;
	objects = {

/* Begin PBXBuildFile section */
		8DE4E27905AFA16E89221FDD /* Pods_VK_GB.framework in Frameworks */ = {isa = PBXBuildFile; fileRef = A216348F072220B6B8C27B77 /* Pods_VK_GB.framework */; };
		FC190302281B060600018187 /* AppDelegate.swift in Sources */ = {isa = PBXBuildFile; fileRef = FC190301281B060600018187 /* AppDelegate.swift */; };
		FC190304281B060600018187 /* SceneDelegate.swift in Sources */ = {isa = PBXBuildFile; fileRef = FC190303281B060600018187 /* SceneDelegate.swift */; };
		FC190306281B060600018187 /* LoginViewController.swift in Sources */ = {isa = PBXBuildFile; fileRef = FC190305281B060600018187 /* LoginViewController.swift */; };
		FC190309281B060600018187 /* Main.storyboard in Resources */ = {isa = PBXBuildFile; fileRef = FC190307281B060600018187 /* Main.storyboard */; };
		FC19030B281B060700018187 /* Assets.xcassets in Resources */ = {isa = PBXBuildFile; fileRef = FC19030A281B060700018187 /* Assets.xcassets */; };
		FC19030E281B060700018187 /* LaunchScreen.storyboard in Resources */ = {isa = PBXBuildFile; fileRef = FC19030C281B060700018187 /* LaunchScreen.storyboard */; };
		FC1C45D12826B4420035B0EE /* ProfileCollectionViewController.swift in Sources */ = {isa = PBXBuildFile; fileRef = FC1C45D02826B4420035B0EE /* ProfileCollectionViewController.swift */; };
		FC565937285A542600EEC8FE /* WebLoginViewController.swift in Sources */ = {isa = PBXBuildFile; fileRef = FC565936285A542600EEC8FE /* WebLoginViewController.swift */; };
		FC85644B283C2DD60083260D /* NewsViewController.swift in Sources */ = {isa = PBXBuildFile; fileRef = FC85644A283C2DD60083260D /* NewsViewController.swift */; };
		FC85644D283C309F0083260D /* NewsTableViewCell.swift in Sources */ = {isa = PBXBuildFile; fileRef = FC85644C283C309F0083260D /* NewsTableViewCell.swift */; };
		FC85644F283EBBC50083260D /* LoaderViewController.swift in Sources */ = {isa = PBXBuildFile; fileRef = FC85644E283EBBC50083260D /* LoaderViewController.swift */; };
		FC8C21AA28425E0800A5687F /* PhotoProfileViewController.swift in Sources */ = {isa = PBXBuildFile; fileRef = FC8C21A928425E0800A5687F /* PhotoProfileViewController.swift */; };
		FC8C21B1284E7F6600A5687F /* CustomNavigation.swift in Sources */ = {isa = PBXBuildFile; fileRef = FC8C21B0284E7F6600A5687F /* CustomNavigation.swift */; };
		FC8C21B3284E7F6900A5687F /* CustomPush+PopAnimators.swift in Sources */ = {isa = PBXBuildFile; fileRef = FC8C21B2284E7F6900A5687F /* CustomPush+PopAnimators.swift */; };
		FC8C21B5284E7F8500A5687F /* Animator.swift in Sources */ = {isa = PBXBuildFile; fileRef = FC8C21B4284E7F8500A5687F /* Animator.swift */; };
		FC8C21B728576A9B00A5687F /* ConnectionSettings.swift in Sources */ = {isa = PBXBuildFile; fileRef = FC8C21B628576A9B00A5687F /* ConnectionSettings.swift */; };
		FC8F1105283585EE009387A3 /* AvatarFriendUIView.swift in Sources */ = {isa = PBXBuildFile; fileRef = FC8F1104283585EE009387A3 /* AvatarFriendUIView.swift */; };
		FC8F110728358C06009387A3 /* LikeControl.swift in Sources */ = {isa = PBXBuildFile; fileRef = FC8F110628358C06009387A3 /* LikeControl.swift */; };
		FCC2488128217BB100769EC3 /* FriendsTableViewController.swift in Sources */ = {isa = PBXBuildFile; fileRef = FCC2488028217BB100769EC3 /* FriendsTableViewController.swift */; };
		FCC2488428217F6300769EC3 /* FriendsTableViewCell.swift in Sources */ = {isa = PBXBuildFile; fileRef = FCC2488228217F6300769EC3 /* FriendsTableViewCell.swift */; };
		FCC2488528217F6300769EC3 /* FriendsTableViewCell.xib in Resources */ = {isa = PBXBuildFile; fileRef = FCC2488328217F6300769EC3 /* FriendsTableViewCell.xib */; };
		FCC24888282186CE00769EC3 /* GroupsTableViewController.swift in Sources */ = {isa = PBXBuildFile; fileRef = FCC24887282186CE00769EC3 /* GroupsTableViewController.swift */; };
		FCC2488B2821A5F300769EC3 /* AllGroupsTableViewController.swift in Sources */ = {isa = PBXBuildFile; fileRef = FCC2488A2821A5F300769EC3 /* AllGroupsTableViewController.swift */; };
		FCD1E737282A5EBF007C837E /* VK.swift in Sources */ = {isa = PBXBuildFile; fileRef = FCD1E736282A5EBF007C837E /* VK.swift */; };
		FCD1E73A282ADFEC007C837E /* ProfileCollectionViewCell.swift in Sources */ = {isa = PBXBuildFile; fileRef = FCD1E739282ADFEC007C837E /* ProfileCollectionViewCell.swift */; };
/* End PBXBuildFile section */

/* Begin PBXFileReference section */
		283FCBFC39DEA631E0D86D7B /* Pods-VK GB.release.xcconfig */ = {isa = PBXFileReference; includeInIndex = 1; lastKnownFileType = text.xcconfig; name = "Pods-VK GB.release.xcconfig"; path = "Target Support Files/Pods-VK GB/Pods-VK GB.release.xcconfig"; sourceTree = "<group>"; };
		A216348F072220B6B8C27B77 /* Pods_VK_GB.framework */ = {isa = PBXFileReference; explicitFileType = wrapper.framework; includeInIndex = 0; path = Pods_VK_GB.framework; sourceTree = BUILT_PRODUCTS_DIR; };
		EFF1E96646565362CAE180D4 /* Pods-VK GB.debug.xcconfig */ = {isa = PBXFileReference; includeInIndex = 1; lastKnownFileType = text.xcconfig; name = "Pods-VK GB.debug.xcconfig"; path = "Target Support Files/Pods-VK GB/Pods-VK GB.debug.xcconfig"; sourceTree = "<group>"; };
		FC1902FE281B060600018187 /* VK GB.app */ = {isa = PBXFileReference; explicitFileType = wrapper.application; includeInIndex = 0; path = "VK GB.app"; sourceTree = BUILT_PRODUCTS_DIR; };
		FC190301281B060600018187 /* AppDelegate.swift */ = {isa = PBXFileReference; lastKnownFileType = sourcecode.swift; path = AppDelegate.swift; sourceTree = "<group>"; };
		FC190303281B060600018187 /* SceneDelegate.swift */ = {isa = PBXFileReference; lastKnownFileType = sourcecode.swift; path = SceneDelegate.swift; sourceTree = "<group>"; };
		FC190305281B060600018187 /* LoginViewController.swift */ = {isa = PBXFileReference; lastKnownFileType = sourcecode.swift; path = LoginViewController.swift; sourceTree = "<group>"; };
		FC190308281B060600018187 /* Base */ = {isa = PBXFileReference; lastKnownFileType = file.storyboard; name = Base; path = Base.lproj/Main.storyboard; sourceTree = "<group>"; };
		FC19030A281B060700018187 /* Assets.xcassets */ = {isa = PBXFileReference; lastKnownFileType = folder.assetcatalog; path = Assets.xcassets; sourceTree = "<group>"; };
		FC19030D281B060700018187 /* Base */ = {isa = PBXFileReference; lastKnownFileType = file.storyboard; name = Base; path = Base.lproj/LaunchScreen.storyboard; sourceTree = "<group>"; };
		FC19030F281B060700018187 /* Info.plist */ = {isa = PBXFileReference; lastKnownFileType = text.plist.xml; path = Info.plist; sourceTree = "<group>"; };
		FC1C45D02826B4420035B0EE /* ProfileCollectionViewController.swift */ = {isa = PBXFileReference; lastKnownFileType = sourcecode.swift; path = ProfileCollectionViewController.swift; sourceTree = "<group>"; };
		FC565936285A542600EEC8FE /* WebLoginViewController.swift */ = {isa = PBXFileReference; lastKnownFileType = sourcecode.swift; path = WebLoginViewController.swift; sourceTree = "<group>"; };
		FC85644A283C2DD60083260D /* NewsViewController.swift */ = {isa = PBXFileReference; lastKnownFileType = sourcecode.swift; path = NewsViewController.swift; sourceTree = "<group>"; };
		FC85644C283C309F0083260D /* NewsTableViewCell.swift */ = {isa = PBXFileReference; lastKnownFileType = sourcecode.swift; path = NewsTableViewCell.swift; sourceTree = "<group>"; };
		FC85644E283EBBC50083260D /* LoaderViewController.swift */ = {isa = PBXFileReference; lastKnownFileType = sourcecode.swift; path = LoaderViewController.swift; sourceTree = "<group>"; };
		FC8C21A928425E0800A5687F /* PhotoProfileViewController.swift */ = {isa = PBXFileReference; lastKnownFileType = sourcecode.swift; path = PhotoProfileViewController.swift; sourceTree = "<group>"; };
		FC8C21B0284E7F6600A5687F /* CustomNavigation.swift */ = {isa = PBXFileReference; lastKnownFileType = sourcecode.swift; path = CustomNavigation.swift; sourceTree = "<group>"; };
		FC8C21B2284E7F6900A5687F /* CustomPush+PopAnimators.swift */ = {isa = PBXFileReference; lastKnownFileType = sourcecode.swift; path = "CustomPush+PopAnimators.swift"; sourceTree = "<group>"; };
		FC8C21B4284E7F8500A5687F /* Animator.swift */ = {isa = PBXFileReference; fileEncoding = 4; lastKnownFileType = sourcecode.swift; path = Animator.swift; sourceTree = "<group>"; };
		FC8C21B628576A9B00A5687F /* ConnectionSettings.swift */ = {isa = PBXFileReference; lastKnownFileType = sourcecode.swift; path = ConnectionSettings.swift; sourceTree = "<group>"; };
		FC8F1104283585EE009387A3 /* AvatarFriendUIView.swift */ = {isa = PBXFileReference; fileEncoding = 4; lastKnownFileType = sourcecode.swift; path = AvatarFriendUIView.swift; sourceTree = "<group>"; };
		FC8F110628358C06009387A3 /* LikeControl.swift */ = {isa = PBXFileReference; lastKnownFileType = sourcecode.swift; path = LikeControl.swift; sourceTree = "<group>"; };
		FCC2488028217BB100769EC3 /* FriendsTableViewController.swift */ = {isa = PBXFileReference; lastKnownFileType = sourcecode.swift; path = FriendsTableViewController.swift; sourceTree = "<group>"; };
		FCC2488228217F6300769EC3 /* FriendsTableViewCell.swift */ = {isa = PBXFileReference; lastKnownFileType = sourcecode.swift; path = FriendsTableViewCell.swift; sourceTree = "<group>"; };
		FCC2488328217F6300769EC3 /* FriendsTableViewCell.xib */ = {isa = PBXFileReference; lastKnownFileType = file.xib; path = FriendsTableViewCell.xib; sourceTree = "<group>"; };
		FCC24887282186CE00769EC3 /* GroupsTableViewController.swift */ = {isa = PBXFileReference; lastKnownFileType = sourcecode.swift; path = GroupsTableViewController.swift; sourceTree = "<group>"; };
		FCC2488A2821A5F300769EC3 /* AllGroupsTableViewController.swift */ = {isa = PBXFileReference; lastKnownFileType = sourcecode.swift; path = AllGroupsTableViewController.swift; sourceTree = "<group>"; };
		FCD1E736282A5EBF007C837E /* VK.swift */ = {isa = PBXFileReference; lastKnownFileType = sourcecode.swift; path = VK.swift; sourceTree = "<group>"; };
		FCD1E739282ADFEC007C837E /* ProfileCollectionViewCell.swift */ = {isa = PBXFileReference; lastKnownFileType = sourcecode.swift; path = ProfileCollectionViewCell.swift; sourceTree = "<group>"; };
/* End PBXFileReference section */

/* Begin PBXFrameworksBuildPhase section */
		FC1902FB281B060600018187 /* Frameworks */ = {
			isa = PBXFrameworksBuildPhase;
			buildActionMask = 2147483647;
			files = (
				8DE4E27905AFA16E89221FDD /* Pods_VK_GB.framework in Frameworks */,
			);
			runOnlyForDeploymentPostprocessing = 0;
		};
/* End PBXFrameworksBuildPhase section */

/* Begin PBXGroup section */
		12A68911E5D203C62866D57A /* Pods */ = {
			isa = PBXGroup;
			children = (
				EFF1E96646565362CAE180D4 /* Pods-VK GB.debug.xcconfig */,
				283FCBFC39DEA631E0D86D7B /* Pods-VK GB.release.xcconfig */,
			);
			path = Pods;
			sourceTree = "<group>";
		};
		DDF415E96530E16F779B5F3D /* Frameworks */ = {
			isa = PBXGroup;
			children = (
				A216348F072220B6B8C27B77 /* Pods_VK_GB.framework */,
			);
			name = Frameworks;
			sourceTree = "<group>";
		};
		FC1902F5281B060600018187 = {
			isa = PBXGroup;
			children = (
				FC190300281B060600018187 /* VK GB */,
				FC1902FF281B060600018187 /* Products */,
				12A68911E5D203C62866D57A /* Pods */,
				DDF415E96530E16F779B5F3D /* Frameworks */,
			);
			sourceTree = "<group>";
		};
		FC1902FF281B060600018187 /* Products */ = {
			isa = PBXGroup;
			children = (
				FC1902FE281B060600018187 /* VK GB.app */,
			);
			name = Products;
			sourceTree = "<group>";
		};
		FC190300281B060600018187 /* VK GB */ = {
			isa = PBXGroup;
			children = (
				FC8C21AD284E7F4200A5687F /* Animate */,
				FCC248892821A5B500769EC3 /* Controllers */,
				FC48927B282F40E400F2E19E /* Help */,
				FCD1E738282ADF2B007C837E /* Model */,
				FC48927A282F3E9D00F2E19E /* Resource */,
				FCC2488628217F7000769EC3 /* View */,
				FC19030F281B060700018187 /* Info.plist */,
			);
			path = "VK GB";
			sourceTree = "<group>";
		};
		FC48927A282F3E9D00F2E19E /* Resource */ = {
			isa = PBXGroup;
			children = (
				FC19030A281B060700018187 /* Assets.xcassets */,
				FC19030C281B060700018187 /* LaunchScreen.storyboard */,
				FC190307281B060600018187 /* Main.storyboard */,
			);
			path = Resource;
			sourceTree = "<group>";
		};
		FC48927B282F40E400F2E19E /* Help */ = {
			isa = PBXGroup;
			children = (
				FC190301281B060600018187 /* AppDelegate.swift */,
				FC190303281B060600018187 /* SceneDelegate.swift */,
			);
			path = Help;
			sourceTree = "<group>";
		};
		FC8C21AD284E7F4200A5687F /* Animate */ = {
			isa = PBXGroup;
			children = (
				FC8C21B4284E7F8500A5687F /* Animator.swift */,
				FC8C21B2284E7F6900A5687F /* CustomPush+PopAnimators.swift */,
				FC8C21B0284E7F6600A5687F /* CustomNavigation.swift */,
			);
			path = Animate;
			sourceTree = "<group>";
		};
		FCC2488628217F7000769EC3 /* View */ = {
			isa = PBXGroup;
			children = (
				FC8F1104283585EE009387A3 /* AvatarFriendUIView.swift */,
				FC85644C283C309F0083260D /* NewsTableViewCell.swift */,
				FC8F110628358C06009387A3 /* LikeControl.swift */,
				FCC2488228217F6300769EC3 /* FriendsTableViewCell.swift */,
				FCC2488328217F6300769EC3 /* FriendsTableViewCell.xib */,
				FCD1E739282ADFEC007C837E /* ProfileCollectionViewCell.swift */,
			);
			path = View;
			sourceTree = "<group>";
		};
		FCC248892821A5B500769EC3 /* Controllers */ = {
			isa = PBXGroup;
			children = (
				FCC2488A2821A5F300769EC3 /* AllGroupsTableViewController.swift */,
				FC85644A283C2DD60083260D /* NewsViewController.swift */,
				FC565936285A542600EEC8FE /* WebLoginViewController.swift */,
				FC8C21A928425E0800A5687F /* PhotoProfileViewController.swift */,
				FCC2488028217BB100769EC3 /* FriendsTableViewController.swift */,
				FCC24887282186CE00769EC3 /* GroupsTableViewController.swift */,
				FC190305281B060600018187 /* LoginViewController.swift */,
				FC1C45D02826B4420035B0EE /* ProfileCollectionViewController.swift */,
				FC85644E283EBBC50083260D /* LoaderViewController.swift */,
			);
			path = Controllers;
			sourceTree = "<group>";
		};
		FCD1E738282ADF2B007C837E /* Model */ = {
			isa = PBXGroup;
			children = (
				FCD1E736282A5EBF007C837E /* VK.swift */,
				FC8C21B628576A9B00A5687F /* ConnectionSettings.swift */,
			);
			path = Model;
			sourceTree = "<group>";
		};
/* End PBXGroup section */

/* Begin PBXNativeTarget section */
		FC1902FD281B060600018187 /* VK GB */ = {
			isa = PBXNativeTarget;
			buildConfigurationList = FC190312281B060700018187 /* Build configuration list for PBXNativeTarget "VK GB" */;
			buildPhases = (
				E5F0737FFC890AFDF3EE684E /* [CP] Check Pods Manifest.lock */,
				FC1902FA281B060600018187 /* Sources */,
				FC1902FB281B060600018187 /* Frameworks */,
				FC1902FC281B060600018187 /* Resources */,
				3CFEFB94E131B5E26FF25E46 /* [CP] Embed Pods Frameworks */,
			);
			buildRules = (
			);
			dependencies = (
			);
			name = "VK GB";
			productName = "VK GB";
			productReference = FC1902FE281B060600018187 /* VK GB.app */;
			productType = "com.apple.product-type.application";
		};
/* End PBXNativeTarget section */

/* Begin PBXProject section */
		FC1902F6281B060600018187 /* Project object */ = {
			isa = PBXProject;
			attributes = {
				BuildIndependentTargetsInParallel = 1;
				LastSwiftUpdateCheck = 1320;
				LastUpgradeCheck = 1320;
				TargetAttributes = {
					FC1902FD281B060600018187 = {
						CreatedOnToolsVersion = 13.2.1;
					};
				};
			};
			buildConfigurationList = FC1902F9281B060600018187 /* Build configuration list for PBXProject "VK GB" */;
			compatibilityVersion = "Xcode 13.0";
			developmentRegion = en;
			hasScannedForEncodings = 0;
			knownRegions = (
				en,
				Base,
			);
			mainGroup = FC1902F5281B060600018187;
			productRefGroup = FC1902FF281B060600018187 /* Products */;
			projectDirPath = "";
			projectRoot = "";
			targets = (
				FC1902FD281B060600018187 /* VK GB */,
			);
		};
/* End PBXProject section */

/* Begin PBXResourcesBuildPhase section */
		FC1902FC281B060600018187 /* Resources */ = {
			isa = PBXResourcesBuildPhase;
			buildActionMask = 2147483647;
			files = (
				FC19030E281B060700018187 /* LaunchScreen.storyboard in Resources */,
				FC19030B281B060700018187 /* Assets.xcassets in Resources */,
				FC190309281B060600018187 /* Main.storyboard in Resources */,
				FCC2488528217F6300769EC3 /* FriendsTableViewCell.xib in Resources */,
			);
			runOnlyForDeploymentPostprocessing = 0;
		};
/* End PBXResourcesBuildPhase section */

/* Begin PBXShellScriptBuildPhase section */
		3CFEFB94E131B5E26FF25E46 /* [CP] Embed Pods Frameworks */ = {
			isa = PBXShellScriptBuildPhase;
			buildActionMask = 2147483647;
			files = (
			);
			inputFileListPaths = (
				"${PODS_ROOT}/Target Support Files/Pods-VK GB/Pods-VK GB-frameworks-${CONFIGURATION}-input-files.xcfilelist",
			);
			name = "[CP] Embed Pods Frameworks";
			outputFileListPaths = (
				"${PODS_ROOT}/Target Support Files/Pods-VK GB/Pods-VK GB-frameworks-${CONFIGURATION}-output-files.xcfilelist",
			);
			runOnlyForDeploymentPostprocessing = 0;
			shellPath = /bin/sh;
			shellScript = "\"${PODS_ROOT}/Target Support Files/Pods-VK GB/Pods-VK GB-frameworks.sh\"\n";
			showEnvVarsInLog = 0;
		};
		E5F0737FFC890AFDF3EE684E /* [CP] Check Pods Manifest.lock */ = {
			isa = PBXShellScriptBuildPhase;
			buildActionMask = 2147483647;
			files = (
			);
			inputFileListPaths = (
			);
			inputPaths = (
				"${PODS_PODFILE_DIR_PATH}/Podfile.lock",
				"${PODS_ROOT}/Manifest.lock",
			);
			name = "[CP] Check Pods Manifest.lock";
			outputFileListPaths = (
			);
			outputPaths = (
				"$(DERIVED_FILE_DIR)/Pods-VK GB-checkManifestLockResult.txt",
			);
			runOnlyForDeploymentPostprocessing = 0;
			shellPath = /bin/sh;
			shellScript = "diff \"${PODS_PODFILE_DIR_PATH}/Podfile.lock\" \"${PODS_ROOT}/Manifest.lock\" > /dev/null\nif [ $? != 0 ] ; then\n    # print error to STDERR\n    echo \"error: The sandbox is not in sync with the Podfile.lock. Run 'pod install' or update your CocoaPods installation.\" >&2\n    exit 1\nfi\n# This output is used by Xcode 'outputs' to avoid re-running this script phase.\necho \"SUCCESS\" > \"${SCRIPT_OUTPUT_FILE_0}\"\n";
			showEnvVarsInLog = 0;
		};
/* End PBXShellScriptBuildPhase section */

/* Begin PBXSourcesBuildPhase section */
		FC1902FA281B060600018187 /* Sources */ = {
			isa = PBXSourcesBuildPhase;
			buildActionMask = 2147483647;
			files = (
				FC190306281B060600018187 /* LoginViewController.swift in Sources */,
				FC190302281B060600018187 /* AppDelegate.swift in Sources */,
				FCC2488B2821A5F300769EC3 /* AllGroupsTableViewController.swift in Sources */,
				FC565937285A542600EEC8FE /* WebLoginViewController.swift in Sources */,
				FC8C21B5284E7F8500A5687F /* Animator.swift in Sources */,
				FC8C21B728576A9B00A5687F /* ConnectionSettings.swift in Sources */,
				FCD1E737282A5EBF007C837E /* VK.swift in Sources */,
				FCD1E73A282ADFEC007C837E /* ProfileCollectionViewCell.swift in Sources */,
				FCC2488128217BB100769EC3 /* FriendsTableViewController.swift in Sources */,
				FC85644B283C2DD60083260D /* NewsViewController.swift in Sources */,
				FC1C45D12826B4420035B0EE /* ProfileCollectionViewController.swift in Sources */,
				FC85644D283C309F0083260D /* NewsTableViewCell.swift in Sources */,
				FC190304281B060600018187 /* SceneDelegate.swift in Sources */,
				FC8C21AA28425E0800A5687F /* PhotoProfileViewController.swift in Sources */,
				FCC2488428217F6300769EC3 /* FriendsTableViewCell.swift in Sources */,
				FC8C21B1284E7F6600A5687F /* CustomNavigation.swift in Sources */,
				FC8F1105283585EE009387A3 /* AvatarFriendUIView.swift in Sources */,
				FC8C21B3284E7F6900A5687F /* CustomPush+PopAnimators.swift in Sources */,
				FC8F110728358C06009387A3 /* LikeControl.swift in Sources */,
				FC85644F283EBBC50083260D /* LoaderViewController.swift in Sources */,
				FCC24888282186CE00769EC3 /* GroupsTableViewController.swift in Sources */,
			);
			runOnlyForDeploymentPostprocessing = 0;
		};
/* End PBXSourcesBuildPhase section */

/* Begin PBXVariantGroup section */
		FC190307281B060600018187 /* Main.storyboard */ = {
			isa = PBXVariantGroup;
			children = (
				FC190308281B060600018187 /* Base */,
			);
			name = Main.storyboard;
			sourceTree = "<group>";
		};
		FC19030C281B060700018187 /* LaunchScreen.storyboard */ = {
			isa = PBXVariantGroup;
			children = (
				FC19030D281B060700018187 /* Base */,
			);
			name = LaunchScreen.storyboard;
			sourceTree = "<group>";
		};
/* End PBXVariantGroup section */

/* Begin XCBuildConfiguration section */
		FC190310281B060700018187 /* Debug */ = {
			isa = XCBuildConfiguration;
			buildSettings = {
				ALWAYS_SEARCH_USER_PATHS = NO;
				CLANG_ANALYZER_NONNULL = YES;
				CLANG_ANALYZER_NUMBER_OBJECT_CONVERSION = YES_AGGRESSIVE;
				CLANG_CXX_LANGUAGE_STANDARD = "gnu++17";
				CLANG_CXX_LIBRARY = "libc++";
				CLANG_ENABLE_MODULES = YES;
				CLANG_ENABLE_OBJC_ARC = YES;
				CLANG_ENABLE_OBJC_WEAK = YES;
				CLANG_WARN_BLOCK_CAPTURE_AUTORELEASING = YES;
				CLANG_WARN_BOOL_CONVERSION = YES;
				CLANG_WARN_COMMA = YES;
				CLANG_WARN_CONSTANT_CONVERSION = YES;
				CLANG_WARN_DEPRECATED_OBJC_IMPLEMENTATIONS = YES;
				CLANG_WARN_DIRECT_OBJC_ISA_USAGE = YES_ERROR;
				CLANG_WARN_DOCUMENTATION_COMMENTS = YES;
				CLANG_WARN_EMPTY_BODY = YES;
				CLANG_WARN_ENUM_CONVERSION = YES;
				CLANG_WARN_INFINITE_RECURSION = YES;
				CLANG_WARN_INT_CONVERSION = YES;
				CLANG_WARN_NON_LITERAL_NULL_CONVERSION = YES;
				CLANG_WARN_OBJC_IMPLICIT_RETAIN_SELF = YES;
				CLANG_WARN_OBJC_LITERAL_CONVERSION = YES;
				CLANG_WARN_OBJC_ROOT_CLASS = YES_ERROR;
				CLANG_WARN_QUOTED_INCLUDE_IN_FRAMEWORK_HEADER = YES;
				CLANG_WARN_RANGE_LOOP_ANALYSIS = YES;
				CLANG_WARN_STRICT_PROTOTYPES = YES;
				CLANG_WARN_SUSPICIOUS_MOVE = YES;
				CLANG_WARN_UNGUARDED_AVAILABILITY = YES_AGGRESSIVE;
				CLANG_WARN_UNREACHABLE_CODE = YES;
				CLANG_WARN__DUPLICATE_METHOD_MATCH = YES;
				COPY_PHASE_STRIP = NO;
				DEBUG_INFORMATION_FORMAT = dwarf;
				ENABLE_STRICT_OBJC_MSGSEND = YES;
				ENABLE_TESTABILITY = YES;
				GCC_C_LANGUAGE_STANDARD = gnu11;
				GCC_DYNAMIC_NO_PIC = NO;
				GCC_NO_COMMON_BLOCKS = YES;
				GCC_OPTIMIZATION_LEVEL = 0;
				GCC_PREPROCESSOR_DEFINITIONS = (
					"DEBUG=1",
					"$(inherited)",
				);
				GCC_WARN_64_TO_32_BIT_CONVERSION = YES;
				GCC_WARN_ABOUT_RETURN_TYPE = YES_ERROR;
				GCC_WARN_UNDECLARED_SELECTOR = YES;
				GCC_WARN_UNINITIALIZED_AUTOS = YES_AGGRESSIVE;
				GCC_WARN_UNUSED_FUNCTION = YES;
				GCC_WARN_UNUSED_VARIABLE = YES;
				IPHONEOS_DEPLOYMENT_TARGET = 15.2;
				MTL_ENABLE_DEBUG_INFO = INCLUDE_SOURCE;
				MTL_FAST_MATH = YES;
				ONLY_ACTIVE_ARCH = YES;
				SDKROOT = iphoneos;
				SWIFT_ACTIVE_COMPILATION_CONDITIONS = DEBUG;
				SWIFT_OPTIMIZATION_LEVEL = "-Onone";
			};
			name = Debug;
		};
		FC190311281B060700018187 /* Release */ = {
			isa = XCBuildConfiguration;
			buildSettings = {
				ALWAYS_SEARCH_USER_PATHS = NO;
				CLANG_ANALYZER_NONNULL = YES;
				CLANG_ANALYZER_NUMBER_OBJECT_CONVERSION = YES_AGGRESSIVE;
				CLANG_CXX_LANGUAGE_STANDARD = "gnu++17";
				CLANG_CXX_LIBRARY = "libc++";
				CLANG_ENABLE_MODULES = YES;
				CLANG_ENABLE_OBJC_ARC = YES;
				CLANG_ENABLE_OBJC_WEAK = YES;
				CLANG_WARN_BLOCK_CAPTURE_AUTORELEASING = YES;
				CLANG_WARN_BOOL_CONVERSION = YES;
				CLANG_WARN_COMMA = YES;
				CLANG_WARN_CONSTANT_CONVERSION = YES;
				CLANG_WARN_DEPRECATED_OBJC_IMPLEMENTATIONS = YES;
				CLANG_WARN_DIRECT_OBJC_ISA_USAGE = YES_ERROR;
				CLANG_WARN_DOCUMENTATION_COMMENTS = YES;
				CLANG_WARN_EMPTY_BODY = YES;
				CLANG_WARN_ENUM_CONVERSION = YES;
				CLANG_WARN_INFINITE_RECURSION = YES;
				CLANG_WARN_INT_CONVERSION = YES;
				CLANG_WARN_NON_LITERAL_NULL_CONVERSION = YES;
				CLANG_WARN_OBJC_IMPLICIT_RETAIN_SELF = YES;
				CLANG_WARN_OBJC_LITERAL_CONVERSION = YES;
				CLANG_WARN_OBJC_ROOT_CLASS = YES_ERROR;
				CLANG_WARN_QUOTED_INCLUDE_IN_FRAMEWORK_HEADER = YES;
				CLANG_WARN_RANGE_LOOP_ANALYSIS = YES;
				CLANG_WARN_STRICT_PROTOTYPES = YES;
				CLANG_WARN_SUSPICIOUS_MOVE = YES;
				CLANG_WARN_UNGUARDED_AVAILABILITY = YES_AGGRESSIVE;
				CLANG_WARN_UNREACHABLE_CODE = YES;
				CLANG_WARN__DUPLICATE_METHOD_MATCH = YES;
				COPY_PHASE_STRIP = NO;
				DEBUG_INFORMATION_FORMAT = "dwarf-with-dsym";
				ENABLE_NS_ASSERTIONS = NO;
				ENABLE_STRICT_OBJC_MSGSEND = YES;
				GCC_C_LANGUAGE_STANDARD = gnu11;
				GCC_NO_COMMON_BLOCKS = YES;
				GCC_WARN_64_TO_32_BIT_CONVERSION = YES;
				GCC_WARN_ABOUT_RETURN_TYPE = YES_ERROR;
				GCC_WARN_UNDECLARED_SELECTOR = YES;
				GCC_WARN_UNINITIALIZED_AUTOS = YES_AGGRESSIVE;
				GCC_WARN_UNUSED_FUNCTION = YES;
				GCC_WARN_UNUSED_VARIABLE = YES;
				IPHONEOS_DEPLOYMENT_TARGET = 15.2;
				MTL_ENABLE_DEBUG_INFO = NO;
				MTL_FAST_MATH = YES;
				SDKROOT = iphoneos;
				SWIFT_COMPILATION_MODE = wholemodule;
				SWIFT_OPTIMIZATION_LEVEL = "-O";
				VALIDATE_PRODUCT = YES;
			};
			name = Release;
		};
		FC190313281B060700018187 /* Debug */ = {
			isa = XCBuildConfiguration;
			baseConfigurationReference = EFF1E96646565362CAE180D4 /* Pods-VK GB.debug.xcconfig */;
			buildSettings = {
				ASSETCATALOG_COMPILER_APPICON_NAME = AppIcon;
				ASSETCATALOG_COMPILER_GLOBAL_ACCENT_COLOR_NAME = AccentColor;
				CODE_SIGN_STYLE = Automatic;
				CURRENT_PROJECT_VERSION = 1;
				DEVELOPMENT_TEAM = MJQCB25CXP;
				GENERATE_INFOPLIST_FILE = YES;
				INFOPLIST_FILE = "VK GB/Info.plist";
				INFOPLIST_KEY_UIApplicationSupportsIndirectInputEvents = YES;
				INFOPLIST_KEY_UILaunchStoryboardName = LaunchScreen;
				INFOPLIST_KEY_UIMainStoryboardFile = Main;
				INFOPLIST_KEY_UISupportedInterfaceOrientations_iPad = "UIInterfaceOrientationPortrait UIInterfaceOrientationPortraitUpsideDown UIInterfaceOrientationLandscapeLeft UIInterfaceOrientationLandscapeRight";
				INFOPLIST_KEY_UISupportedInterfaceOrientations_iPhone = "UIInterfaceOrientationPortrait UIInterfaceOrientationLandscapeLeft UIInterfaceOrientationLandscapeRight";
				LD_RUNPATH_SEARCH_PATHS = (
					"$(inherited)",
					"@executable_path/Frameworks",
				);
				MARKETING_VERSION = 1.0;
				PRODUCT_BUNDLE_IDENTIFIER = "com.geekbrains.test.VK-GB";
				PRODUCT_NAME = "$(TARGET_NAME)";
				SWIFT_EMIT_LOC_STRINGS = YES;
				SWIFT_VERSION = 5.0;
				TARGETED_DEVICE_FAMILY = "1,2";
			};
			name = Debug;
		};
		FC190314281B060700018187 /* Release */ = {
			isa = XCBuildConfiguration;
			baseConfigurationReference = 283FCBFC39DEA631E0D86D7B /* Pods-VK GB.release.xcconfig */;
			buildSettings = {
				ASSETCATALOG_COMPILER_APPICON_NAME = AppIcon;
				ASSETCATALOG_COMPILER_GLOBAL_ACCENT_COLOR_NAME = AccentColor;
				CODE_SIGN_STYLE = Automatic;
				CURRENT_PROJECT_VERSION = 1;
				DEVELOPMENT_TEAM = MJQCB25CXP;
				GENERATE_INFOPLIST_FILE = YES;
				INFOPLIST_FILE = "VK GB/Info.plist";
				INFOPLIST_KEY_UIApplicationSupportsIndirectInputEvents = YES;
				INFOPLIST_KEY_UILaunchStoryboardName = LaunchScreen;
				INFOPLIST_KEY_UIMainStoryboardFile = Main;
				INFOPLIST_KEY_UISupportedInterfaceOrientations_iPad = "UIInterfaceOrientationPortrait UIInterfaceOrientationPortraitUpsideDown UIInterfaceOrientationLandscapeLeft UIInterfaceOrientationLandscapeRight";
				INFOPLIST_KEY_UISupportedInterfaceOrientations_iPhone = "UIInterfaceOrientationPortrait UIInterfaceOrientationLandscapeLeft UIInterfaceOrientationLandscapeRight";
				LD_RUNPATH_SEARCH_PATHS = (
					"$(inherited)",
					"@executable_path/Frameworks",
				);
				MARKETING_VERSION = 1.0;
				PRODUCT_BUNDLE_IDENTIFIER = "com.geekbrains.test.VK-GB";
				PRODUCT_NAME = "$(TARGET_NAME)";
				SWIFT_EMIT_LOC_STRINGS = YES;
				SWIFT_VERSION = 5.0;
				TARGETED_DEVICE_FAMILY = "1,2";
			};
			name = Release;
		};
/* End XCBuildConfiguration section */

/* Begin XCConfigurationList section */
		FC1902F9281B060600018187 /* Build configuration list for PBXProject "VK GB" */ = {
			isa = XCConfigurationList;
			buildConfigurations = (
				FC190310281B060700018187 /* Debug */,
				FC190311281B060700018187 /* Release */,
			);
			defaultConfigurationIsVisible = 0;
			defaultConfigurationName = Release;
		};
		FC190312281B060700018187 /* Build configuration list for PBXNativeTarget "VK GB" */ = {
			isa = XCConfigurationList;
			buildConfigurations = (
				FC190313281B060700018187 /* Debug */,
				FC190314281B060700018187 /* Release */,
			);
			defaultConfigurationIsVisible = 0;
			defaultConfigurationName = Release;
		};
/* End XCConfigurationList section */
	};
	rootObject = FC1902F6281B060600018187 /* Project object */;
}
